
Microsoft Visual Studio Solution File, Format Version 12.00
# Visual Studio 15
VisualStudioVersion = 15.0.27130.2036
MinimumVisualStudioVersion = 10.0.40219.1
Project("{FAE04EC0-301F-11D3-BF4B-00C04F79EFBC}") = "Trading.Web", "..\Trading.Web\Trading.Web.csproj", "{C533A493-9369-4643-8D09-34D9D8098ECE}"
EndProject
Project("{9A19103F-16F7-4668-BE54-9A1E7A4F7556}") = "Trading.DAO", "..\Trading.DAO\Trading.DAO.csproj", "{809D7562-1659-4577-A888-1E8058B11D0D}"
EndProject
Project("{9A19103F-16F7-4668-BE54-9A1E7A4F7556}") = "Trading.DAL", "..\Trading.DAL\Trading.DAL.csproj", "{27611E8D-2EF3-45E2-B6C5-4CADA25F70C2}"
EndProject
Project("{9A19103F-16F7-4668-BE54-9A1E7A4F7556}") = "Trading.BLL", "..\Trading.BLL\Trading.BLL.csproj", "{DF005757-3D84-4EDB-A50F-BED449E4FC25}"
EndProject
Project("{9A19103F-16F7-4668-BE54-9A1E7A4F7556}") = "Trading.Utilities", "..\Trading.Utilities\Trading.Utilities.csproj", "{3CE79AB1-4BFC-4EE9-86E4-BB6A2DE99B25}"
EndProject
Project("{FAE04EC0-301F-11D3-BF4B-00C04F79EFBC}") = "Trading.ViewModel", "Trading.ViewModel\Trading.ViewModel.csproj", "{9A1D946A-5853-441B-9F0A-86BA83A6114A}"
EndProject
Global
	GlobalSection(SolutionConfigurationPlatforms) = preSolution
		Debug|Any CPU = Debug|Any CPU
		Release|Any CPU = Release|Any CPU
	EndGlobalSection
	GlobalSection(ProjectConfigurationPlatforms) = postSolution
		{C533A493-9369-4643-8D09-34D9D8098ECE}.Debug|Any CPU.ActiveCfg = Debug|Any CPU
		{C533A493-9369-4643-8D09-34D9D8098ECE}.Debug|Any CPU.Build.0 = Debug|Any CPU
		{C533A493-9369-4643-8D09-34D9D8098ECE}.Release|Any CPU.ActiveCfg = Release|Any CPU
		{C533A493-9369-4643-8D09-34D9D8098ECE}.Release|Any CPU.Build.0 = Release|Any CPU
		{809D7562-1659-4577-A888-1E8058B11D0D}.Debug|Any CPU.ActiveCfg = Debug|Any CPU
		{809D7562-1659-4577-A888-1E8058B11D0D}.Debug|Any CPU.Build.0 = Debug|Any CPU
		{809D7562-1659-4577-A888-1E8058B11D0D}.Release|Any CPU.ActiveCfg = Release|Any CPU
		{809D7562-1659-4577-A888-1E8058B11D0D}.Release|Any CPU.Build.0 = Release|Any CPU
		{27611E8D-2EF3-45E2-B6C5-4CADA25F70C2}.Debug|Any CPU.ActiveCfg = Debug|Any CPU
		{27611E8D-2EF3-45E2-B6C5-4CADA25F70C2}.Debug|Any CPU.Build.0 = Debug|Any CPU
		{27611E8D-2EF3-45E2-B6C5-4CADA25F70C2}.Release|Any CPU.ActiveCfg = Release|Any CPU
		{27611E8D-2EF3-45E2-B6C5-4CADA25F70C2}.Release|Any CPU.Build.0 = Release|Any CPU
		{DF005757-3D84-4EDB-A50F-BED449E4FC25}.Debug|Any CPU.ActiveCfg = Debug|Any CPU
		{DF005757-3D84-4EDB-A50F-BED449E4FC25}.Debug|Any CPU.Build.0 = Debug|Any CPU
		{DF005757-3D84-4EDB-A50F-BED449E4FC25}.Release|Any CPU.ActiveCfg = Release|Any CPU
		{DF005757-3D84-4EDB-A50F-BED449E4FC25}.Release|Any CPU.Build.0 = Release|Any CPU
		{3CE79AB1-4BFC-4EE9-86E4-BB6A2DE99B25}.Debug|Any CPU.ActiveCfg = Debug|Any CPU
		{3CE79AB1-4BFC-4EE9-86E4-BB6A2DE99B25}.Debug|Any CPU.Build.0 = Debug|Any CPU
		{3CE79AB1-4BFC-4EE9-86E4-BB6A2DE99B25}.Release|Any CPU.ActiveCfg = Release|Any CPU
		{3CE79AB1-4BFC-4EE9-86E4-BB6A2DE99B25}.Release|Any CPU.Build.0 = Release|Any CPU
		{9A1D946A-5853-441B-9F0A-86BA83A6114A}.Debug|Any CPU.ActiveCfg = Debug|Any CPU
		{9A1D946A-5853-441B-9F0A-86BA83A6114A}.Debug|Any CPU.Build.0 = Debug|Any CPU
		{9A1D946A-5853-441B-9F0A-86BA83A6114A}.Release|Any CPU.ActiveCfg = Release|Any CPU
		{9A1D946A-5853-441B-9F0A-86BA83A6114A}.Release|Any CPU.Build.0 = Release|Any CPU
	EndGlobalSection
	GlobalSection(SolutionProperties) = preSolution
		HideSolutionNode = FALSE
	EndGlobalSection
	GlobalSection(ExtensibilityGlobals) = postSolution
		SolutionGuid = {37CF32F1-6D9B-4FE2-B2B5-E62B76F97FB1}
	EndGlobalSection
EndGlobal
