
Microsoft Visual Studio Solution File, Format Version 12.00
# Visual Studio Version 16
VisualStudioVersion = 16.0.29519.87
MinimumVisualStudioVersion = 10.0.40219.1
Project("{FAE04EC0-301F-11D3-BF4B-00C04F79EFBC}") = "Trading.FSWWinService", "Trading.FSWWinService.csproj", "{3D36BB5D-5BD7-4DFE-8C34-268825154FD4}"
EndProject
Project("{9A19103F-16F7-4668-BE54-9A1E7A4F7556}") = "Trading.DAO", "..\Trading.DAO\Trading.DAO.csproj", "{203C5E04-B2A1-4159-91F0-C5433E8B947D}"
EndProject
Project("{9A19103F-16F7-4668-BE54-9A1E7A4F7556}") = "Trading.DAL", "..\Trading.DAL\Trading.DAL.csproj", "{BC0A968C-6DBB-4C75-A5C0-BDDD337BF247}"
EndProject
Project("{9A19103F-16F7-4668-BE54-9A1E7A4F7556}") = "Trading.BLL", "..\Trading.BLL\Trading.BLL.csproj", "{4D8A5C01-C443-4FDF-A537-E756791C74EB}"
EndProject
Global
	GlobalSection(SolutionConfigurationPlatforms) = preSolution
		Debug|Any CPU = Debug|Any CPU
		Release|Any CPU = Release|Any CPU
	EndGlobalSection
	GlobalSection(ProjectConfigurationPlatforms) = postSolution
		{3D36BB5D-5BD7-4DFE-8C34-268825154FD4}.Debug|Any CPU.ActiveCfg = Debug|Any CPU
		{3D36BB5D-5BD7-4DFE-8C34-268825154FD4}.Debug|Any CPU.Build.0 = Debug|Any CPU
		{3D36BB5D-5BD7-4DFE-8C34-268825154FD4}.Release|Any CPU.ActiveCfg = Release|Any CPU
		{3D36BB5D-5BD7-4DFE-8C34-268825154FD4}.Release|Any CPU.Build.0 = Release|Any CPU
		{203C5E04-B2A1-4159-91F0-C5433E8B947D}.Debug|Any CPU.ActiveCfg = Debug|Any CPU
		{203C5E04-B2A1-4159-91F0-C5433E8B947D}.Debug|Any CPU.Build.0 = Debug|Any CPU
		{203C5E04-B2A1-4159-91F0-C5433E8B947D}.Release|Any CPU.ActiveCfg = Release|Any CPU
		{203C5E04-B2A1-4159-91F0-C5433E8B947D}.Release|Any CPU.Build.0 = Release|Any CPU
		{BC0A968C-6DBB-4C75-A5C0-BDDD337BF247}.Debug|Any CPU.ActiveCfg = Debug|Any CPU
		{BC0A968C-6DBB-4C75-A5C0-BDDD337BF247}.Debug|Any CPU.Build.0 = Debug|Any CPU
		{BC0A968C-6DBB-4C75-A5C0-BDDD337BF247}.Release|Any CPU.ActiveCfg = Release|Any CPU
		{BC0A968C-6DBB-4C75-A5C0-BDDD337BF247}.Release|Any CPU.Build.0 = Release|Any CPU
		{4D8A5C01-C443-4FDF-A537-E756791C74EB}.Debug|Any CPU.ActiveCfg = Debug|Any CPU
		{4D8A5C01-C443-4FDF-A537-E756791C74EB}.Debug|Any CPU.Build.0 = Debug|Any CPU
		{4D8A5C01-C443-4FDF-A537-E756791C74EB}.Release|Any CPU.ActiveCfg = Release|Any CPU
		{4D8A5C01-C443-4FDF-A537-E756791C74EB}.Release|Any CPU.Build.0 = Release|Any CPU
	EndGlobalSection
	GlobalSection(SolutionProperties) = preSolution
		HideSolutionNode = FALSE
	EndGlobalSection
	GlobalSection(ExtensibilityGlobals) = postSolution
		SolutionGuid = {C8A050F1-228C-4043-8354-97ED32A271DB}
	EndGlobalSection
EndGlobal
